
Microsoft Visual Studio Solution File, Format Version 12.00
# Visual Studio 2013
VisualStudioVersion = 12.0.31101.0
MinimumVisualStudioVersion = 10.0.40219.1
Project("{888888A0-9F3D-457C-B088-3A5042F75D52}") = "INF211-SO-ML", "INF211-SO-ML\INF211-SO-ML.pyproj", "{A58F2A1F-4DD5-4FFB-9412-5C1FB768C9D2}"
EndProject
Global
	GlobalSection(SolutionConfigurationPlatforms) = preSolution
		Debug|Any CPU = Debug|Any CPU
		Release|Any CPU = Release|Any CPU
	EndGlobalSection
	GlobalSection(ProjectConfigurationPlatforms) = postSolution
		{A58F2A1F-4DD5-4FFB-9412-5C1FB768C9D2}.Debug|Any CPU.ActiveCfg = Debug|Any CPU
		{A58F2A1F-4DD5-4FFB-9412-5C1FB768C9D2}.Release|Any CPU.ActiveCfg = Release|Any CPU
	EndGlobalSection
	GlobalSection(SolutionProperties) = preSolution
		HideSolutionNode = FALSE
	EndGlobalSection
EndGlobal
